
Microsoft Visual Studio Solution File, Format Version 12.00
# Visual Studio Version 17
VisualStudioVersion = 17.7.34018.315
MinimumVisualStudioVersion = 10.0.40219.1
Project("{9A19103F-16F7-4668-BE54-9A1E7A4F7556}") = "F01", "F01\F01.csproj", "{7FF69273-7E03-498E-911A-D8AD0E94F13D}"
EndProject
Project("{9A19103F-16F7-4668-BE54-9A1E7A4F7556}") = "F02", "F02\F02.csproj", "{CFD84D4A-C0AA-4EDA-8712-7C2C286AA146}"
EndProject
Project("{9A19103F-16F7-4668-BE54-9A1E7A4F7556}") = "F02.Library", "F02.Library\F02.Library.csproj", "{24A6939B-A962-4F40-800C-4E09BC9A1111}"
EndProject
Project("{9A19103F-16F7-4668-BE54-9A1E7A4F7556}") = "F03.MyFirstFramework", "F03.MyFirstFramework\F03.MyFirstFramework.csproj", "{A7BDB388-952C-483E-A9C1-0B09F20E817E}"
EndProject
Project("{9A19103F-16F7-4668-BE54-9A1E7A4F7556}") = "F03.Library", "F03.Library\F03.Library.csproj", "{4FECCA60-76F2-4722-A8D3-F109D70A06A5}"
EndProject
Project("{9A19103F-16F7-4668-BE54-9A1E7A4F7556}") = "F03", "F03\F03.csproj", "{4A6E430D-5105-4045-B4AA-E225CDDC2F56}"
EndProject
Project("{9A19103F-16F7-4668-BE54-9A1E7A4F7556}") = "F04", "F04\F04.csproj", "{0E5C0137-F66F-46E6-B094-2B75C2DA16DE}"
EndProject
Project("{9A19103F-16F7-4668-BE54-9A1E7A4F7556}") = "F05", "F05\F05.csproj", "{927E62E9-F83F-44D2-AC3C-A1CB992A50C1}"
EndProject
Project("{FAE04EC0-301F-11D3-BF4B-00C04F79EFBC}") = "F06", "F06\F06.csproj", "{A785C579-41C9-4EFE-838A-2F724E25040D}"
EndProject
Global
	GlobalSection(SolutionConfigurationPlatforms) = preSolution
		Debug|Any CPU = Debug|Any CPU
		Release|Any CPU = Release|Any CPU
	EndGlobalSection
	GlobalSection(ProjectConfigurationPlatforms) = postSolution
		{7FF69273-7E03-498E-911A-D8AD0E94F13D}.Debug|Any CPU.ActiveCfg = Debug|Any CPU
		{7FF69273-7E03-498E-911A-D8AD0E94F13D}.Debug|Any CPU.Build.0 = Debug|Any CPU
		{7FF69273-7E03-498E-911A-D8AD0E94F13D}.Release|Any CPU.ActiveCfg = Release|Any CPU
		{7FF69273-7E03-498E-911A-D8AD0E94F13D}.Release|Any CPU.Build.0 = Release|Any CPU
		{CFD84D4A-C0AA-4EDA-8712-7C2C286AA146}.Debug|Any CPU.ActiveCfg = Debug|Any CPU
		{CFD84D4A-C0AA-4EDA-8712-7C2C286AA146}.Debug|Any CPU.Build.0 = Debug|Any CPU
		{CFD84D4A-C0AA-4EDA-8712-7C2C286AA146}.Release|Any CPU.ActiveCfg = Release|Any CPU
		{CFD84D4A-C0AA-4EDA-8712-7C2C286AA146}.Release|Any CPU.Build.0 = Release|Any CPU
		{24A6939B-A962-4F40-800C-4E09BC9A1111}.Debug|Any CPU.ActiveCfg = Debug|Any CPU
		{24A6939B-A962-4F40-800C-4E09BC9A1111}.Debug|Any CPU.Build.0 = Debug|Any CPU
		{24A6939B-A962-4F40-800C-4E09BC9A1111}.Release|Any CPU.ActiveCfg = Release|Any CPU
		{24A6939B-A962-4F40-800C-4E09BC9A1111}.Release|Any CPU.Build.0 = Release|Any CPU
		{A7BDB388-952C-483E-A9C1-0B09F20E817E}.Debug|Any CPU.ActiveCfg = Debug|Any CPU
		{A7BDB388-952C-483E-A9C1-0B09F20E817E}.Debug|Any CPU.Build.0 = Debug|Any CPU
		{A7BDB388-952C-483E-A9C1-0B09F20E817E}.Release|Any CPU.ActiveCfg = Release|Any CPU
		{A7BDB388-952C-483E-A9C1-0B09F20E817E}.Release|Any CPU.Build.0 = Release|Any CPU
		{4FECCA60-76F2-4722-A8D3-F109D70A06A5}.Debug|Any CPU.ActiveCfg = Debug|Any CPU
		{4FECCA60-76F2-4722-A8D3-F109D70A06A5}.Debug|Any CPU.Build.0 = Debug|Any CPU
		{4FECCA60-76F2-4722-A8D3-F109D70A06A5}.Release|Any CPU.ActiveCfg = Release|Any CPU
		{4FECCA60-76F2-4722-A8D3-F109D70A06A5}.Release|Any CPU.Build.0 = Release|Any CPU
		{4A6E430D-5105-4045-B4AA-E225CDDC2F56}.Debug|Any CPU.ActiveCfg = Debug|Any CPU
		{4A6E430D-5105-4045-B4AA-E225CDDC2F56}.Debug|Any CPU.Build.0 = Debug|Any CPU
		{4A6E430D-5105-4045-B4AA-E225CDDC2F56}.Release|Any CPU.ActiveCfg = Release|Any CPU
		{4A6E430D-5105-4045-B4AA-E225CDDC2F56}.Release|Any CPU.Build.0 = Release|Any CPU
		{0E5C0137-F66F-46E6-B094-2B75C2DA16DE}.Debug|Any CPU.ActiveCfg = Debug|Any CPU
		{0E5C0137-F66F-46E6-B094-2B75C2DA16DE}.Debug|Any CPU.Build.0 = Debug|Any CPU
		{0E5C0137-F66F-46E6-B094-2B75C2DA16DE}.Release|Any CPU.ActiveCfg = Release|Any CPU
		{0E5C0137-F66F-46E6-B094-2B75C2DA16DE}.Release|Any CPU.Build.0 = Release|Any CPU
		{927E62E9-F83F-44D2-AC3C-A1CB992A50C1}.Debug|Any CPU.ActiveCfg = Debug|Any CPU
		{927E62E9-F83F-44D2-AC3C-A1CB992A50C1}.Debug|Any CPU.Build.0 = Debug|Any CPU
		{927E62E9-F83F-44D2-AC3C-A1CB992A50C1}.Release|Any CPU.ActiveCfg = Release|Any CPU
		{927E62E9-F83F-44D2-AC3C-A1CB992A50C1}.Release|Any CPU.Build.0 = Release|Any CPU
		{A785C579-41C9-4EFE-838A-2F724E25040D}.Debug|Any CPU.ActiveCfg = Debug|Any CPU
		{A785C579-41C9-4EFE-838A-2F724E25040D}.Debug|Any CPU.Build.0 = Debug|Any CPU
		{A785C579-41C9-4EFE-838A-2F724E25040D}.Release|Any CPU.ActiveCfg = Release|Any CPU
		{A785C579-41C9-4EFE-838A-2F724E25040D}.Release|Any CPU.Build.0 = Release|Any CPU
	EndGlobalSection
	GlobalSection(SolutionProperties) = preSolution
		HideSolutionNode = FALSE
	EndGlobalSection
	GlobalSection(ExtensibilityGlobals) = postSolution
		SolutionGuid = {7A285314-8855-47CD-86D1-3746A72AEA75}
	EndGlobalSection
EndGlobal
